
Microsoft Visual Studio Solution File, Format Version 12.00
# Visual Studio Version 17
VisualStudioVersion = 17.7.34031.279
MinimumVisualStudioVersion = 10.0.40219.1
Project("{FAE04EC0-301F-11D3-BF4B-00C04F79EFBC}") = "ChatAPI", "ChatAPI.csproj", "{0D5F694C-F9DE-451D-94B9-C4E86BDD9123}"
EndProject
Global
	GlobalSection(SolutionConfigurationPlatforms) = preSolution
		Debug|Any CPU = Debug|Any CPU
		Release|Any CPU = Release|Any CPU
	EndGlobalSection
	GlobalSection(ProjectConfigurationPlatforms) = postSolution
		{0D5F694C-F9DE-451D-94B9-C4E86BDD9123}.Debug|Any CPU.ActiveCfg = Debug|Any CPU
		{0D5F694C-F9DE-451D-94B9-C4E86BDD9123}.Debug|Any CPU.Build.0 = Debug|Any CPU
		{0D5F694C-F9DE-451D-94B9-C4E86BDD9123}.Release|Any CPU.ActiveCfg = Release|Any CPU
		{0D5F694C-F9DE-451D-94B9-C4E86BDD9123}.Release|Any CPU.Build.0 = Release|Any CPU
	EndGlobalSection
	GlobalSection(SolutionProperties) = preSolution
		HideSolutionNode = FALSE
	EndGlobalSection
	GlobalSection(ExtensibilityGlobals) = postSolution
		SolutionGuid = {36858D50-2B55-4599-A28C-E83048DD3066}
	EndGlobalSection
EndGlobal
